
Microsoft Visual Studio Solution File, Format Version 12.00
# Visual Studio 2012
Project("{FAE04EC0-301F-11D3-BF4B-00C04F79EFBC}") = "ExpressionSerialization.SL", "ExpressionSerialization.SL\ExpressionSerialization.SL.csproj", "{1B9ABF10-2150-4D3D-B109-7AB4D4E1CC18}"
EndProject
Project("{FAE04EC0-301F-11D3-BF4B-00C04F79EFBC}") = "ExpressionSerialization", "ExpressionSerialization\ExpressionSerialization.csproj", "{01ABE4DB-4ABE-4B0E-878B-B42A8C9B6560}"
EndProject
Global
	GlobalSection(SolutionConfigurationPlatforms) = preSolution
		Debug|.NET = Debug|.NET
		Debug|Any CPU = Debug|Any CPU
		Debug|Mixed Platforms = Debug|Mixed Platforms
		Debug|x86 = Debug|x86
		Release|.NET = Release|.NET
		Release|Any CPU = Release|Any CPU
		Release|Mixed Platforms = Release|Mixed Platforms
		Release|x86 = Release|x86
	EndGlobalSection
	GlobalSection(ProjectConfigurationPlatforms) = postSolution
		{1B9ABF10-2150-4D3D-B109-7AB4D4E1CC18}.Debug|.NET.ActiveCfg = Debug|Any CPU
		{1B9ABF10-2150-4D3D-B109-7AB4D4E1CC18}.Debug|Any CPU.ActiveCfg = Debug|Any CPU
		{1B9ABF10-2150-4D3D-B109-7AB4D4E1CC18}.Debug|Any CPU.Build.0 = Debug|Any CPU
		{1B9ABF10-2150-4D3D-B109-7AB4D4E1CC18}.Debug|Mixed Platforms.ActiveCfg = Debug|Any CPU
		{1B9ABF10-2150-4D3D-B109-7AB4D4E1CC18}.Debug|Mixed Platforms.Build.0 = Debug|Any CPU
		{1B9ABF10-2150-4D3D-B109-7AB4D4E1CC18}.Debug|x86.ActiveCfg = Debug|Any CPU
		{1B9ABF10-2150-4D3D-B109-7AB4D4E1CC18}.Release|.NET.ActiveCfg = Release|Any CPU
		{1B9ABF10-2150-4D3D-B109-7AB4D4E1CC18}.Release|Any CPU.ActiveCfg = Release|Any CPU
		{1B9ABF10-2150-4D3D-B109-7AB4D4E1CC18}.Release|Any CPU.Build.0 = Release|Any CPU
		{1B9ABF10-2150-4D3D-B109-7AB4D4E1CC18}.Release|Mixed Platforms.ActiveCfg = Release|Any CPU
		{1B9ABF10-2150-4D3D-B109-7AB4D4E1CC18}.Release|Mixed Platforms.Build.0 = Release|Any CPU
		{1B9ABF10-2150-4D3D-B109-7AB4D4E1CC18}.Release|x86.ActiveCfg = Release|Any CPU
		{01ABE4DB-4ABE-4B0E-878B-B42A8C9B6560}.Debug|.NET.ActiveCfg = Debug|Any CPU
		{01ABE4DB-4ABE-4B0E-878B-B42A8C9B6560}.Debug|Any CPU.ActiveCfg = Debug|Any CPU
		{01ABE4DB-4ABE-4B0E-878B-B42A8C9B6560}.Debug|Any CPU.Build.0 = Debug|Any CPU
		{01ABE4DB-4ABE-4B0E-878B-B42A8C9B6560}.Debug|Mixed Platforms.ActiveCfg = Debug|Any CPU
		{01ABE4DB-4ABE-4B0E-878B-B42A8C9B6560}.Debug|Mixed Platforms.Build.0 = Debug|Any CPU
		{01ABE4DB-4ABE-4B0E-878B-B42A8C9B6560}.Debug|x86.ActiveCfg = Debug|Any CPU
		{01ABE4DB-4ABE-4B0E-878B-B42A8C9B6560}.Release|.NET.ActiveCfg = Release|Any CPU
		{01ABE4DB-4ABE-4B0E-878B-B42A8C9B6560}.Release|Any CPU.ActiveCfg = Release|Any CPU
		{01ABE4DB-4ABE-4B0E-878B-B42A8C9B6560}.Release|Any CPU.Build.0 = Release|Any CPU
		{01ABE4DB-4ABE-4B0E-878B-B42A8C9B6560}.Release|Mixed Platforms.ActiveCfg = Release|Any CPU
		{01ABE4DB-4ABE-4B0E-878B-B42A8C9B6560}.Release|Mixed Platforms.Build.0 = Release|Any CPU
		{01ABE4DB-4ABE-4B0E-878B-B42A8C9B6560}.Release|x86.ActiveCfg = Release|Any CPU
	EndGlobalSection
	GlobalSection(SolutionProperties) = preSolution
		HideSolutionNode = FALSE
	EndGlobalSection
EndGlobal
