
Microsoft Visual Studio Solution File, Format Version 11.00
# Visual Studio 2010
Project("{FAE04EC0-301F-11D3-BF4B-00C04F79EFBC}") = "ExpressionSerialization", "ExpressionSerialization\ExpressionSerialization.csproj", "{01ABE4DB-4ABE-4B0E-878B-B42A8C9B6560}"
EndProject
Project("{FAE04EC0-301F-11D3-BF4B-00C04F79EFBC}") = "TestHarness", "TestHarness\TestHarness.csproj", "{32D9CE6F-8D5C-46AA-B6CC-9DC2C2EE5F34}"
EndProject
Project("{FAE04EC0-301F-11D3-BF4B-00C04F79EFBC}") = "RemoteQueryService", "RemoteQueryService\RemoteQueryService.csproj", "{9DE702C2-21F4-4D55-BCA6-19F01F0C6ED1}"
EndProject
Project("{FAE04EC0-301F-11D3-BF4B-00C04F79EFBC}") = "NorthwindMapping", "..\NorthwindMapping\NorthwindMapping.csproj", "{4DC47849-F1B9-4AFE-B249-62D27C5291D1}"
EndProject
Global
	GlobalSection(SolutionConfigurationPlatforms) = preSolution
		Debug|.NET = Debug|.NET
		Debug|Any CPU = Debug|Any CPU
		Debug|Mixed Platforms = Debug|Mixed Platforms
		Release|.NET = Release|.NET
		Release|Any CPU = Release|Any CPU
		Release|Mixed Platforms = Release|Mixed Platforms
	EndGlobalSection
	GlobalSection(ProjectConfigurationPlatforms) = postSolution
		{01ABE4DB-4ABE-4B0E-878B-B42A8C9B6560}.Debug|.NET.ActiveCfg = Debug|Any CPU
		{01ABE4DB-4ABE-4B0E-878B-B42A8C9B6560}.Debug|Any CPU.ActiveCfg = Debug|Any CPU
		{01ABE4DB-4ABE-4B0E-878B-B42A8C9B6560}.Debug|Any CPU.Build.0 = Debug|Any CPU
		{01ABE4DB-4ABE-4B0E-878B-B42A8C9B6560}.Debug|Mixed Platforms.ActiveCfg = Debug|Any CPU
		{01ABE4DB-4ABE-4B0E-878B-B42A8C9B6560}.Debug|Mixed Platforms.Build.0 = Debug|Any CPU
		{01ABE4DB-4ABE-4B0E-878B-B42A8C9B6560}.Release|.NET.ActiveCfg = Release|Any CPU
		{01ABE4DB-4ABE-4B0E-878B-B42A8C9B6560}.Release|Any CPU.ActiveCfg = Release|Any CPU
		{01ABE4DB-4ABE-4B0E-878B-B42A8C9B6560}.Release|Any CPU.Build.0 = Release|Any CPU
		{01ABE4DB-4ABE-4B0E-878B-B42A8C9B6560}.Release|Mixed Platforms.ActiveCfg = Release|Any CPU
		{01ABE4DB-4ABE-4B0E-878B-B42A8C9B6560}.Release|Mixed Platforms.Build.0 = Release|Any CPU
		{32D9CE6F-8D5C-46AA-B6CC-9DC2C2EE5F34}.Debug|.NET.ActiveCfg = Debug|Any CPU
		{32D9CE6F-8D5C-46AA-B6CC-9DC2C2EE5F34}.Debug|Any CPU.ActiveCfg = Debug|Any CPU
		{32D9CE6F-8D5C-46AA-B6CC-9DC2C2EE5F34}.Debug|Any CPU.Build.0 = Debug|Any CPU
		{32D9CE6F-8D5C-46AA-B6CC-9DC2C2EE5F34}.Debug|Mixed Platforms.ActiveCfg = Debug|Any CPU
		{32D9CE6F-8D5C-46AA-B6CC-9DC2C2EE5F34}.Debug|Mixed Platforms.Build.0 = Debug|Any CPU
		{32D9CE6F-8D5C-46AA-B6CC-9DC2C2EE5F34}.Release|.NET.ActiveCfg = Release|Any CPU
		{32D9CE6F-8D5C-46AA-B6CC-9DC2C2EE5F34}.Release|Any CPU.ActiveCfg = Release|Any CPU
		{32D9CE6F-8D5C-46AA-B6CC-9DC2C2EE5F34}.Release|Any CPU.Build.0 = Release|Any CPU
		{32D9CE6F-8D5C-46AA-B6CC-9DC2C2EE5F34}.Release|Mixed Platforms.ActiveCfg = Release|Any CPU
		{32D9CE6F-8D5C-46AA-B6CC-9DC2C2EE5F34}.Release|Mixed Platforms.Build.0 = Release|Any CPU
		{9DE702C2-21F4-4D55-BCA6-19F01F0C6ED1}.Debug|.NET.ActiveCfg = Debug|Any CPU
		{9DE702C2-21F4-4D55-BCA6-19F01F0C6ED1}.Debug|Any CPU.ActiveCfg = Debug|Any CPU
		{9DE702C2-21F4-4D55-BCA6-19F01F0C6ED1}.Debug|Any CPU.Build.0 = Debug|Any CPU
		{9DE702C2-21F4-4D55-BCA6-19F01F0C6ED1}.Debug|Mixed Platforms.ActiveCfg = Debug|Any CPU
		{9DE702C2-21F4-4D55-BCA6-19F01F0C6ED1}.Debug|Mixed Platforms.Build.0 = Debug|Any CPU
		{9DE702C2-21F4-4D55-BCA6-19F01F0C6ED1}.Release|.NET.ActiveCfg = Release|Any CPU
		{9DE702C2-21F4-4D55-BCA6-19F01F0C6ED1}.Release|Any CPU.ActiveCfg = Release|Any CPU
		{9DE702C2-21F4-4D55-BCA6-19F01F0C6ED1}.Release|Any CPU.Build.0 = Release|Any CPU
		{9DE702C2-21F4-4D55-BCA6-19F01F0C6ED1}.Release|Mixed Platforms.ActiveCfg = Release|Any CPU
		{9DE702C2-21F4-4D55-BCA6-19F01F0C6ED1}.Release|Mixed Platforms.Build.0 = Release|Any CPU
		{4DC47849-F1B9-4AFE-B249-62D27C5291D1}.Debug|.NET.ActiveCfg = Debug|Any CPU
		{4DC47849-F1B9-4AFE-B249-62D27C5291D1}.Debug|Any CPU.ActiveCfg = Debug|Any CPU
		{4DC47849-F1B9-4AFE-B249-62D27C5291D1}.Debug|Any CPU.Build.0 = Debug|Any CPU
		{4DC47849-F1B9-4AFE-B249-62D27C5291D1}.Debug|Mixed Platforms.ActiveCfg = Debug|Any CPU
		{4DC47849-F1B9-4AFE-B249-62D27C5291D1}.Debug|Mixed Platforms.Build.0 = Debug|Any CPU
		{4DC47849-F1B9-4AFE-B249-62D27C5291D1}.Release|.NET.ActiveCfg = Release|Any CPU
		{4DC47849-F1B9-4AFE-B249-62D27C5291D1}.Release|Any CPU.ActiveCfg = Release|Any CPU
		{4DC47849-F1B9-4AFE-B249-62D27C5291D1}.Release|Any CPU.Build.0 = Release|Any CPU
		{4DC47849-F1B9-4AFE-B249-62D27C5291D1}.Release|Mixed Platforms.ActiveCfg = Release|Any CPU
		{4DC47849-F1B9-4AFE-B249-62D27C5291D1}.Release|Mixed Platforms.Build.0 = Release|Any CPU
	EndGlobalSection
	GlobalSection(SolutionProperties) = preSolution
		HideSolutionNode = FALSE
	EndGlobalSection
EndGlobal
